
Microsoft Visual Studio Solution File, Format Version 10.00
# Visual Studio 2008
Project("{FAE04EC0-301F-11D3-BF4B-00C04F79EFBC}") = "PotBroker", "PotBroker\PotBroker.csproj", "{41459DD4-6FE6-43E3-AB15-F6190736CDB2}"
EndProject
Project("{FAE04EC0-301F-11D3-BF4B-00C04F79EFBC}") = "envato", "..\envato\envato\envato.csproj", "{638A1C36-110B-49A5-9239-4B8DC854B403}"
EndProject
Global
	GlobalSection(SolutionConfigurationPlatforms) = preSolution
		Debug|Any CPU = Debug|Any CPU
		Release|Any CPU = Release|Any CPU
	EndGlobalSection
	GlobalSection(ProjectConfigurationPlatforms) = postSolution
		{41459DD4-6FE6-43E3-AB15-F6190736CDB2}.Debug|Any CPU.ActiveCfg = Debug|Any CPU
		{41459DD4-6FE6-43E3-AB15-F6190736CDB2}.Debug|Any CPU.Build.0 = Debug|Any CPU
		{41459DD4-6FE6-43E3-AB15-F6190736CDB2}.Release|Any CPU.ActiveCfg = Release|Any CPU
		{41459DD4-6FE6-43E3-AB15-F6190736CDB2}.Release|Any CPU.Build.0 = Release|Any CPU
		{638A1C36-110B-49A5-9239-4B8DC854B403}.Debug|Any CPU.ActiveCfg = Debug|Any CPU
		{638A1C36-110B-49A5-9239-4B8DC854B403}.Debug|Any CPU.Build.0 = Debug|Any CPU
		{638A1C36-110B-49A5-9239-4B8DC854B403}.Release|Any CPU.ActiveCfg = Release|Any CPU
		{638A1C36-110B-49A5-9239-4B8DC854B403}.Release|Any CPU.Build.0 = Release|Any CPU
	EndGlobalSection
	GlobalSection(SolutionProperties) = preSolution
		HideSolutionNode = FALSE
	EndGlobalSection
EndGlobal
